
Microsoft Visual Studio Solution File, Format Version 12.00
# Visual Studio 15
VisualStudioVersion = 15.0.27428.1
MinimumVisualStudioVersion = 10.0.40219.1
Project("{DA7A21FA-8162-4350-AD77-A8D1B671F3ED}") = "CA3 Data Analysis", "CA3 Data Analysis.rxproj", "{71464331-91CC-4D3B-8493-2FCCE833AEB4}"
EndProject
Global
	GlobalSection(SolutionConfigurationPlatforms) = preSolution
		Debug|Any CPU = Debug|Any CPU
		Release|Any CPU = Release|Any CPU
	EndGlobalSection
	GlobalSection(ProjectConfigurationPlatforms) = postSolution
		{71464331-91CC-4D3B-8493-2FCCE833AEB4}.Debug|Any CPU.ActiveCfg = Debug|Any CPU
		{71464331-91CC-4D3B-8493-2FCCE833AEB4}.Debug|Any CPU.Build.0 = Debug|Any CPU
		{71464331-91CC-4D3B-8493-2FCCE833AEB4}.Release|Any CPU.ActiveCfg = Release|Any CPU
		{71464331-91CC-4D3B-8493-2FCCE833AEB4}.Release|Any CPU.Build.0 = Release|Any CPU
	EndGlobalSection
	GlobalSection(SolutionProperties) = preSolution
		HideSolutionNode = FALSE
	EndGlobalSection
	GlobalSection(ExtensibilityGlobals) = postSolution
		SolutionGuid = {03810DA5-EB45-4516-B0DF-F19DD4790AF8}
	EndGlobalSection
EndGlobal
