
Microsoft Visual Studio Solution File, Format Version 12.00
# Visual Studio 15
VisualStudioVersion = 15.0.27428.1
MinimumVisualStudioVersion = 10.0.40219.1
Project("{DA7A21FA-8162-4350-AD77-A8D1B671F3ED}") = "CA2 Web Scrapping", "CA2 Web Scrapping.rxproj", "{A3FB6729-0B51-41FB-96E5-F4283F57057E}"
EndProject
Global
	GlobalSection(SolutionConfigurationPlatforms) = preSolution
		Debug|Any CPU = Debug|Any CPU
		Release|Any CPU = Release|Any CPU
	EndGlobalSection
	GlobalSection(ProjectConfigurationPlatforms) = postSolution
		{A3FB6729-0B51-41FB-96E5-F4283F57057E}.Debug|Any CPU.ActiveCfg = Debug|Any CPU
		{A3FB6729-0B51-41FB-96E5-F4283F57057E}.Debug|Any CPU.Build.0 = Debug|Any CPU
		{A3FB6729-0B51-41FB-96E5-F4283F57057E}.Release|Any CPU.ActiveCfg = Release|Any CPU
		{A3FB6729-0B51-41FB-96E5-F4283F57057E}.Release|Any CPU.Build.0 = Release|Any CPU
	EndGlobalSection
	GlobalSection(SolutionProperties) = preSolution
		HideSolutionNode = FALSE
	EndGlobalSection
	GlobalSection(ExtensibilityGlobals) = postSolution
		SolutionGuid = {CF816798-4778-48C9-BC98-050216C61832}
	EndGlobalSection
EndGlobal
